
Microsoft Visual Studio Solution File, Format Version 12.00
# Visual Studio Version 16
VisualStudioVersion = 16.0.29215.179
MinimumVisualStudioVersion = 10.0.40219.1
Project("{FAE04EC0-301F-11D3-BF4B-00C04F79EFBC}") = "Name Parser", "Name Parser\Name Parser.csproj", "{B142DBC0-9978-498A-80ED-7ADC4F3069BD}"
EndProject
Global
	GlobalSection(SolutionConfigurationPlatforms) = preSolution
		Debug|Any CPU = Debug|Any CPU
		Release|Any CPU = Release|Any CPU
	EndGlobalSection
	GlobalSection(ProjectConfigurationPlatforms) = postSolution
		{B142DBC0-9978-498A-80ED-7ADC4F3069BD}.Debug|Any CPU.ActiveCfg = Debug|Any CPU
		{B142DBC0-9978-498A-80ED-7ADC4F3069BD}.Debug|Any CPU.Build.0 = Debug|Any CPU
		{B142DBC0-9978-498A-80ED-7ADC4F3069BD}.Release|Any CPU.ActiveCfg = Release|Any CPU
		{B142DBC0-9978-498A-80ED-7ADC4F3069BD}.Release|Any CPU.Build.0 = Release|Any CPU
	EndGlobalSection
	GlobalSection(SolutionProperties) = preSolution
		HideSolutionNode = FALSE
	EndGlobalSection
	GlobalSection(ExtensibilityGlobals) = postSolution
		SolutionGuid = {D31F8530-2863-4275-BD1F-0B5B4F51DE7F}
	EndGlobalSection
EndGlobal
